
Microsoft Visual Studio Solution File, Format Version 12.00
# Visual Studio Version 16
VisualStudioVersion = 16.0.31005.135
MinimumVisualStudioVersion = 10.0.40219.1
Project("{FAE04EC0-301F-11D3-BF4B-00C04F79EFBC}") = "Linq-SquareOfNumbersGreaterThanTwenty", "Linq-SquareOfNumbersGreaterThanTwenty\Linq-SquareOfNumbersGreaterThanTwenty.csproj", "{4A134DE9-DED6-4ECE-A0DF-F29FB4D928A9}"
EndProject
Global
	GlobalSection(SolutionConfigurationPlatforms) = preSolution
		Debug|Any CPU = Debug|Any CPU
		Release|Any CPU = Release|Any CPU
	EndGlobalSection
	GlobalSection(ProjectConfigurationPlatforms) = postSolution
		{4A134DE9-DED6-4ECE-A0DF-F29FB4D928A9}.Debug|Any CPU.ActiveCfg = Debug|Any CPU
		{4A134DE9-DED6-4ECE-A0DF-F29FB4D928A9}.Debug|Any CPU.Build.0 = Debug|Any CPU
		{4A134DE9-DED6-4ECE-A0DF-F29FB4D928A9}.Release|Any CPU.ActiveCfg = Release|Any CPU
		{4A134DE9-DED6-4ECE-A0DF-F29FB4D928A9}.Release|Any CPU.Build.0 = Release|Any CPU
	EndGlobalSection
	GlobalSection(SolutionProperties) = preSolution
		HideSolutionNode = FALSE
	EndGlobalSection
	GlobalSection(ExtensibilityGlobals) = postSolution
		SolutionGuid = {4FD642B9-871E-4E7A-BFE2-E1C23DA3A6E5}
	EndGlobalSection
EndGlobal
